<?xml version="1.0" encoding="utf-8"?>
<Project ToolsVersion="4.0" xmlns="http://schemas.microsoft.com/developer/msbuild/2003">
  <ItemGroup>
    <Filter Include="Source Files">
      <UniqueIdentifier>{4FC737F1-C7A5-4376-A066-2A32D752A2FF}</UniqueIdentifier>
      <Extensions>cpp;c;cc;cxx;c++;cppm;ixx;def;odl;idl;hpj;bat;asm;asmx</Extensions>
    </Filter>
    <Filter Include="Header Files">
      <UniqueIdentifier>{93995380-89BD-4b04-88EB-625FBE52EBFB}</UniqueIdentifier>
      <Extensions>h;hh;hpp;hxx;h++;hm;inl;inc;ipp;xsd</Extensions>
    </Filter>
    <Filter Include="Resource Files">
      <UniqueIdentifier>{67DA6AB6-F800-4c08-8B7A-83BB121AAD01}</UniqueIdentifier>
      <Extensions>rc;ico;cur;bmp;dlg;rc2;rct;bin;rgs;gif;jpg;jpeg;jpe;resx;tiff;tif;png;wav;mfcribbon-ms</Extensions>
    </Filter>
  </ItemGroup>
  <ItemGroup>
    <ClCompile Include="game\main.cpp">
      <Filter>Source Files</Filter>
    </ClCompile>
    <ClCompile Include="engine\audio\audio.cpp">
      <Filter>Source Files</Filter>
    </ClCompile>
    <ClCompile Include="engine\audio\channel.cpp">
      <Filter>Source Files</Filter>
    </ClCompile>
    <ClCompile Include="engine\audio\sound.cpp">
      <Filter>Source Files</Filter>
    </ClCompile>
    <ClCompile Include="engine\core\sprite_sheet.cpp">
      <Filter>Source Files</Filter>
    </ClCompile>
    <ClCompile Include="engine\core\texture_rect.cpp">
      <Filter>Source Files</Filter>
    </ClCompile>
    <ClCompile Include="engine\core\timer.cpp">
      <Filter>Source Files</Filter>
    </ClCompile>
    <ClCompile Include="engine\direct3d\device.cpp">
      <Filter>Source Files</Filter>
    </ClCompile>
    <ClCompile Include="engine\direct3d\direct3d.cpp">
      <Filter>Source Files</Filter>
    </ClCompile>
    <ClCompile Include="engine\direct3d\font.cpp">
      <Filter>Source Files</Filter>
    </ClCompile>
    <ClCompile Include="engine\direct3d\sprite.cpp">
      <Filter>Source Files</Filter>
    </ClCompile>
    <ClCompile Include="engine\direct3d\texture.cpp">
      <Filter>Source Files</Filter>
    </ClCompile>
    <ClCompile Include="engine\direct3d\texture_locker.cpp">
      <Filter>Source Files</Filter>
    </ClCompile>
    <ClCompile Include="engine\direct3d\window.cpp">
      <Filter>Source Files</Filter>
    </ClCompile>
    <ClCompile Include="engine\direct3d\window_class.cpp">
      <Filter>Source Files</Filter>
    </ClCompile>
    <ClCompile Include="engine\input\input.cpp">
      <Filter>Source Files</Filter>
    </ClCompile>
    <ClCompile Include="engine\input\keyboard.cpp">
      <Filter>Source Files</Filter>
    </ClCompile>
    <ClCompile Include="engine\input\mouse.cpp">
      <Filter>Source Files</Filter>
    </ClCompile>
    <ClCompile Include="engine\physics\body.cpp">
      <Filter>Source Files</Filter>
    </ClCompile>
  </ItemGroup>
  <ItemGroup>
    <ClInclude Include="engine\audio\audio.hpp">
      <Filter>Header Files</Filter>
    </ClInclude>
    <ClInclude Include="engine\audio\channel.hpp">
      <Filter>Header Files</Filter>
    </ClInclude>
    <ClInclude Include="engine\audio\prelude.hpp">
      <Filter>Header Files</Filter>
    </ClInclude>
    <ClInclude Include="engine\audio\sound.hpp">
      <Filter>Header Files</Filter>
    </ClInclude>
    <ClInclude Include="engine\core\alignment.hpp">
      <Filter>Header Files</Filter>
    </ClInclude>
    <ClInclude Include="engine\core\angle.hpp">
      <Filter>Header Files</Filter>
    </ClInclude>
    <ClInclude Include="engine\core\animation.hpp">
      <Filter>Header Files</Filter>
    </ClInclude>
    <ClInclude Include="engine\core\color.hpp">
      <Filter>Header Files</Filter>
    </ClInclude>
    <ClInclude Include="engine\core\engine.hpp">
      <Filter>Header Files</Filter>
    </ClInclude>
    <ClInclude Include="engine\core\result.hpp">
      <Filter>Header Files</Filter>
    </ClInclude>
    <ClInclude Include="engine\core\scene.hpp">
      <Filter>Header Files</Filter>
    </ClInclude>
    <ClInclude Include="engine\core\sprite_sheet.hpp">
      <Filter>Header Files</Filter>
    </ClInclude>
    <ClInclude Include="engine\core\texture_rect.hpp">
      <Filter>Header Files</Filter>
    </ClInclude>
    <ClInclude Include="engine\core\timer.hpp">
      <Filter>Header Files</Filter>
    </ClInclude>
    <ClInclude Include="engine\core\transform.hpp">
      <Filter>Header Files</Filter>
    </ClInclude>
    <ClInclude Include="engine\core\utils.hpp">
      <Filter>Header Files</Filter>
    </ClInclude>
    <ClInclude Include="engine\core\vec2.hpp">
      <Filter>Header Files</Filter>
    </ClInclude>
    <ClInclude Include="engine\direct3d\device.hpp">
      <Filter>Header Files</Filter>
    </ClInclude>
    <ClInclude Include="engine\direct3d\direct3d.hpp">
      <Filter>Header Files</Filter>
    </ClInclude>
    <ClInclude Include="engine\direct3d\font.hpp">
      <Filter>Header Files</Filter>
    </ClInclude>
    <ClInclude Include="engine\direct3d\line.hpp">
      <Filter>Header Files</Filter>
    </ClInclude>
    <ClInclude Include="engine\direct3d\sprite.hpp">
      <Filter>Header Files</Filter>
    </ClInclude>
    <ClInclude Include="engine\direct3d\texture.hpp">
      <Filter>Header Files</Filter>
    </ClInclude>
    <ClInclude Include="engine\direct3d\texture_locker.hpp">
      <Filter>Header Files</Filter>
    </ClInclude>
    <ClInclude Include="engine\direct3d\window.hpp">
      <Filter>Header Files</Filter>
    </ClInclude>
    <ClInclude Include="engine\direct3d\window_class.hpp">
      <Filter>Header Files</Filter>
    </ClInclude>
    <ClInclude Include="engine\input\input.hpp">
      <Filter>Header Files</Filter>
    </ClInclude>
    <ClInclude Include="engine\input\keyboard.hpp">
      <Filter>Header Files</Filter>
    </ClInclude>
    <ClInclude Include="engine\input\mouse.hpp">
      <Filter>Header Files</Filter>
    </ClInclude>
    <ClInclude Include="engine\physics\body.hpp">
      <Filter>Header Files</Filter>
    </ClInclude>
    <ClInclude Include="engine\physics\mask.hpp">
      <Filter>Header Files</Filter>
    </ClInclude>
    <ClInclude Include="engine\physics\physics.hpp">
      <Filter>Header Files</Filter>
    </ClInclude>
    <ClInclude Include="engine\physics\prelude.hpp">
      <Filter>Header Files</Filter>
    </ClInclude>
    <ClInclude Include="engine\ui\align_container.hpp">
      <Filter>Header Files</Filter>
    </ClInclude>
    <ClInclude Include="engine\ui\button.hpp">
      <Filter>Header Files</Filter>
    </ClInclude>
    <ClInclude Include="engine\ui\composite_ui.hpp">
      <Filter>Header Files</Filter>
    </ClInclude>
    <ClInclude Include="engine\ui\container.hpp">
      <Filter>Header Files</Filter>
    </ClInclude>
    <ClInclude Include="engine\ui\hcontainer.hpp">
      <Filter>Header Files</Filter>
    </ClInclude>
    <ClInclude Include="engine\ui\label.hpp">
      <Filter>Header Files</Filter>
    </ClInclude>
    <ClInclude Include="engine\ui\margin.hpp">
      <Filter>Header Files</Filter>
    </ClInclude>
    <ClInclude Include="engine\ui\padding.hpp">
      <Filter>Header Files</Filter>
    </ClInclude>
    <ClInclude Include="engine\ui\panel.hpp">
      <Filter>Header Files</Filter>
    </ClInclude>
    <ClInclude Include="engine\ui\prelude.hpp">
      <Filter>Header Files</Filter>
    </ClInclude>
    <ClInclude Include="engine\ui\stack_container.hpp">
      <Filter>Header Files</Filter>
    </ClInclude>
    <ClInclude Include="engine\ui\text.hpp">
      <Filter>Header Files</Filter>
    </ClInclude>
    <ClInclude Include="engine\ui\texture_ui.hpp">
      <Filter>Header Files</Filter>
    </ClInclude>
    <ClInclude Include="engine\ui\ui.hpp">
      <Filter>Header Files</Filter>
    </ClInclude>
    <ClInclude Include="engine\ui\vcontainer.hpp">
      <Filter>Header Files</Filter>
    </ClInclude>
    <ClInclude Include="engine\ui\wrapper.hpp">
      <Filter>Header Files</Filter>
    </ClInclude>
    <ClInclude Include="engine\prelude.hpp">
      <Filter>Header Files</Filter>
    </ClInclude>
  </ItemGroup>
</Project>